<?xml version="1.0" encoding="UTF-8" standalone="yes" ?>
<CodeBlocks_project_file>
	<FileVersion major="1" minor="6" />
	<Project>
		<Option title="Life_2" />
		<Option pch_mode="2" />
		<Option compiler="gcc" />
		<Build>
			<Target title="Debug">
				<Option output="bin/Debug/Life_2" prefix_auto="1" extension_auto="1" />
				<Option object_output="obj/Debug/" />
				<Option type="1" />
				<Option compiler="gcc" />
				<Compiler>
					<Add option="-std=c++17" />
					<Add option="-g" />
					<Add directory="include/Life" />
					<Add directory="include" />
				</Compiler>
				<ExtraCommands>
					<Add after="~/scripts/Life_2_Debug_Resources.sh" />
					<Mode after="always" />
				</ExtraCommands>
			</Target>
			<Target title="Release">
				<Option output="bin/Release/Life_2" prefix_auto="1" extension_auto="1" />
				<Option object_output="obj/Release/" />
				<Option type="1" />
				<Option compiler="gcc" />
				<Compiler>
					<Add option="-O2" />
					<Add directory="include/Life" />
					<Add directory="include" />
				</Compiler>
				<Linker>
					<Add option="-s" />
				</Linker>
			</Target>
		</Build>
		<Compiler>
			<Add option="-Wall" />
			<Add directory="../SFML-2.5.1/include" />
			<Add directory="src" />
			<Add directory="include" />
			<Add directory="../../lib/spdlog/include" />
		</Compiler>
		<Linker>
			<Add library="tgui" />
			<Add library="sfml-system" />
			<Add library="sfml-window" />
			<Add library="sfml-graphics" />
			<Add directory="../SFML-2.5.1/lib" />
		</Linker>
		<Unit filename="include/Assets/Colors.h" />
		<Unit filename="include/Assets/resourcemanager.h" />
		<Unit filename="include/ConvertUTF.h" />
		<Unit filename="include/Life/game.h" />
		<Unit filename="include/Life/gamebar.h" />
		<Unit filename="include/Life/gamewindow.h" />
		<Unit filename="include/Life/utils.h" />
		<Unit filename="include/Scenes/menuscene.h" />
		<Unit filename="include/Scenes/scene.h" />
		<Unit filename="include/SimpleIni.h" />
		<Unit filename="include/constants.h" />
		<Unit filename="include/enums.h" />
		<Unit filename="include/mainlogger.h" />
		<Unit filename="src/Assets/Colors.cpp" />
		<Unit filename="src/Assets/resourcemanager.cpp" />
		<Unit filename="src/ConvertUTF.c">
			<Option compilerVar="CC" />
		</Unit>
		<Unit filename="src/Life/game.cpp" />
		<Unit filename="src/Life/gamebar.cpp" />
		<Unit filename="src/Life/gamewindow.cpp" />
		<Unit filename="src/Life/utils.cpp" />
		<Unit filename="src/Scenes/menuscene.cpp" />
		<Unit filename="src/Scenes/scene.cpp" />
		<Unit filename="src/main.cpp" />
		<Unit filename="src/mainlogger.cpp" />
		<Extensions />
	</Project>
</CodeBlocks_project_file>
